
Microsoft Visual Studio Solution File, Format Version 12.00
# Visual Studio 15
Project("{FAE04EC0-301F-11D3-BF4B-00C04F79EFBC}") = "Assembly-CSharp", "Assembly-CSharp.csproj", "{AAA12219-F87A-8776-DC16-C3FA6AD3850F}"
EndProject
Project("{FAE04EC0-301F-11D3-BF4B-00C04F79EFBC}") = "Unity.RenderPipelines.HighDefinition.Config.Runtime", "Unity.RenderPipelines.HighDefinition.Config.Runtime.csproj", "{FD5049F4-1CD0-A561-CCF2-AE3CD9C8DBE2}"
EndProject
Project("{FAE04EC0-301F-11D3-BF4B-00C04F79EFBC}") = "Assembly-CSharp-Editor", "Assembly-CSharp-Editor.csproj", "{A0DC9E1B-769D-E634-3F91-E4CAFEA1677C}"
EndProject
Global
	GlobalSection(SolutionConfigurationPlatforms) = preSolution
		Debug|Any CPU = Debug|Any CPU
		Release|Any CPU = Release|Any CPU
	EndGlobalSection
	GlobalSection(ProjectConfigurationPlatforms) = postSolution
		{AAA12219-F87A-8776-DC16-C3FA6AD3850F}.Debug|Any CPU.ActiveCfg = Debug|Any CPU
		{AAA12219-F87A-8776-DC16-C3FA6AD3850F}.Debug|Any CPU.Build.0 = Debug|Any CPU
		{AAA12219-F87A-8776-DC16-C3FA6AD3850F}.Release|Any CPU.ActiveCfg = Release|Any CPU
		{AAA12219-F87A-8776-DC16-C3FA6AD3850F}.Release|Any CPU.Build.0 = Release|Any CPU
		{FD5049F4-1CD0-A561-CCF2-AE3CD9C8DBE2}.Debug|Any CPU.ActiveCfg = Debug|Any CPU
		{FD5049F4-1CD0-A561-CCF2-AE3CD9C8DBE2}.Debug|Any CPU.Build.0 = Debug|Any CPU
		{FD5049F4-1CD0-A561-CCF2-AE3CD9C8DBE2}.Release|Any CPU.ActiveCfg = Release|Any CPU
		{FD5049F4-1CD0-A561-CCF2-AE3CD9C8DBE2}.Release|Any CPU.Build.0 = Release|Any CPU
		{A0DC9E1B-769D-E634-3F91-E4CAFEA1677C}.Debug|Any CPU.ActiveCfg = Debug|Any CPU
		{A0DC9E1B-769D-E634-3F91-E4CAFEA1677C}.Debug|Any CPU.Build.0 = Debug|Any CPU
		{A0DC9E1B-769D-E634-3F91-E4CAFEA1677C}.Release|Any CPU.ActiveCfg = Release|Any CPU
		{A0DC9E1B-769D-E634-3F91-E4CAFEA1677C}.Release|Any CPU.Build.0 = Release|Any CPU
	EndGlobalSection
	GlobalSection(SolutionProperties) = preSolution
		HideSolutionNode = FALSE
	EndGlobalSection
EndGlobal
